
Microsoft Visual Studio Solution File, Format Version 12.00
# Visual Studio Version 16
VisualStudioVersion = 16.0.29509.3
MinimumVisualStudioVersion = 10.0.40219.1
Project("{8BC9CEB8-8B4A-11D0-8D11-00A0C91BC942}") = "LMS", "LMS\LMS.vcxproj", "{3E6240A7-04E2-4942-88A3-537E2E4C53ED}"
EndProject
Global
	GlobalSection(SolutionConfigurationPlatforms) = preSolution
		Debug|x64 = Debug|x64
		Debug|x86 = Debug|x86
		Release|x64 = Release|x64
		Release|x86 = Release|x86
	EndGlobalSection
	GlobalSection(ProjectConfigurationPlatforms) = postSolution
		{3E6240A7-04E2-4942-88A3-537E2E4C53ED}.Debug|x64.ActiveCfg = Debug|x64
		{3E6240A7-04E2-4942-88A3-537E2E4C53ED}.Debug|x64.Build.0 = Debug|x64
		{3E6240A7-04E2-4942-88A3-537E2E4C53ED}.Debug|x86.ActiveCfg = Debug|Win32
		{3E6240A7-04E2-4942-88A3-537E2E4C53ED}.Debug|x86.Build.0 = Debug|Win32
		{3E6240A7-04E2-4942-88A3-537E2E4C53ED}.Release|x64.ActiveCfg = Release|x64
		{3E6240A7-04E2-4942-88A3-537E2E4C53ED}.Release|x64.Build.0 = Release|x64
		{3E6240A7-04E2-4942-88A3-537E2E4C53ED}.Release|x86.ActiveCfg = Release|Win32
		{3E6240A7-04E2-4942-88A3-537E2E4C53ED}.Release|x86.Build.0 = Release|Win32
	EndGlobalSection
	GlobalSection(SolutionProperties) = preSolution
		HideSolutionNode = FALSE
	EndGlobalSection
	GlobalSection(ExtensibilityGlobals) = postSolution
		SolutionGuid = {3BD54AF8-4927-41A8-A941-F9142093F599}
	EndGlobalSection
EndGlobal
